
Microsoft Visual Studio Solution File, Format Version 12.00
# Visual Studio Version 16
VisualStudioVersion = 16.0.31005.135
MinimumVisualStudioVersion = 10.0.40219.1
Project("{FAE04EC0-301F-11D3-BF4B-00C04F79EFBC}") = "problema1", "problema1\problema1.csproj", "{C30E39DD-AF3C-45BA-A208-3C34D57987E1}"
EndProject
Global
	GlobalSection(SolutionConfigurationPlatforms) = preSolution
		Debug|Any CPU = Debug|Any CPU
		Release|Any CPU = Release|Any CPU
	EndGlobalSection
	GlobalSection(ProjectConfigurationPlatforms) = postSolution
		{C30E39DD-AF3C-45BA-A208-3C34D57987E1}.Debug|Any CPU.ActiveCfg = Debug|Any CPU
		{C30E39DD-AF3C-45BA-A208-3C34D57987E1}.Debug|Any CPU.Build.0 = Debug|Any CPU
		{C30E39DD-AF3C-45BA-A208-3C34D57987E1}.Release|Any CPU.ActiveCfg = Release|Any CPU
		{C30E39DD-AF3C-45BA-A208-3C34D57987E1}.Release|Any CPU.Build.0 = Release|Any CPU
	EndGlobalSection
	GlobalSection(SolutionProperties) = preSolution
		HideSolutionNode = FALSE
	EndGlobalSection
	GlobalSection(ExtensibilityGlobals) = postSolution
		SolutionGuid = {0473897E-2F33-4FB4-81A2-7803013CB92D}
	EndGlobalSection
EndGlobal
